// !$*UTF8*$!
{
	archiveVersion = 1;
	classes = {
	};
	objectVersion = 46;
	objects = {

/* Begin PBXAggregateTarget section */
		C242DB651D06DAF5007FCF52 /* YUNToolsKit-Universal */ = {
			isa = PBXAggregateTarget;
			buildConfigurationList = C242DB661D06DAF5007FCF52 /* Build configuration list for PBXAggregateTarget "YUNToolsKit-Universal" */;
			buildPhases = (
				C242DB691D06DB0C007FCF52 /* ShellScript */,
			);
			dependencies = (
			);
			name = "YUNToolsKit-Universal";
			productName = "YUNToolsKit-Universal";
		};
/* End PBXAggregateTarget section */

/* Begin PBXBuildFile section */
		C20EA6061D0D46D6001663F3 /* NSBundle+YUNToolsKitAdditions.h in Headers */ = {isa = PBXBuildFile; fileRef = C20EA6041D0D46D6001663F3 /* NSBundle+YUNToolsKitAdditions.h */; };
		C20EA6071D0D46D6001663F3 /* NSBundle+YUNToolsKitAdditions.m in Sources */ = {isa = PBXBuildFile; fileRef = C20EA6051D0D46D6001663F3 /* NSBundle+YUNToolsKitAdditions.m */; };
		C23EBFD31D080729006032E5 /* NSURL+YUNToolsKitAdditions.h in Headers */ = {isa = PBXBuildFile; fileRef = C23EBFD11D080729006032E5 /* NSURL+YUNToolsKitAdditions.h */; settings = {ATTRIBUTES = (Public, ); }; };
		C23EBFD41D080729006032E5 /* NSURL+YUNToolsKitAdditions.m in Sources */ = {isa = PBXBuildFile; fileRef = C23EBFD21D080729006032E5 /* NSURL+YUNToolsKitAdditions.m */; };
		C23EBFD71D080989006032E5 /* NSDictionary+YUNToolsKitAdditions.h in Headers */ = {isa = PBXBuildFile; fileRef = C23EBFD51D080989006032E5 /* NSDictionary+YUNToolsKitAdditions.h */; settings = {ATTRIBUTES = (Public, ); }; };
		C23EBFD81D080989006032E5 /* NSDictionary+YUNToolsKitAdditions.m in Sources */ = {isa = PBXBuildFile; fileRef = C23EBFD61D080989006032E5 /* NSDictionary+YUNToolsKitAdditions.m */; };
		C23F9AC31D0D40AF00E36D73 /* UIApplication+YUNToolsKitAdditions.h in Headers */ = {isa = PBXBuildFile; fileRef = C23F9AC11D0D40AF00E36D73 /* UIApplication+YUNToolsKitAdditions.h */; settings = {ATTRIBUTES = (Public, ); }; };
		C23F9AC41D0D40AF00E36D73 /* UIApplication+YUNToolsKitAdditions.m in Sources */ = {isa = PBXBuildFile; fileRef = C23F9AC21D0D40AF00E36D73 /* UIApplication+YUNToolsKitAdditions.m */; };
		C242DB6B1D06DB5B007FCF52 /* UIKit.framework in Frameworks */ = {isa = PBXBuildFile; fileRef = C242DB6A1D06DB5B007FCF52 /* UIKit.framework */; };
		C242DBBA1D06E3EC007FCF52 /* UIScrollView+YUNToolsKitAdditions.h in Headers */ = {isa = PBXBuildFile; fileRef = C242DBB81D06E3EC007FCF52 /* UIScrollView+YUNToolsKitAdditions.h */; settings = {ATTRIBUTES = (Public, ); }; };
		C242DBBB1D06E3EC007FCF52 /* UIScrollView+YUNToolsKitAdditions.m in Sources */ = {isa = PBXBuildFile; fileRef = C242DBB91D06E3EC007FCF52 /* UIScrollView+YUNToolsKitAdditions.m */; };
		C24E90221CD341F800A09F52 /* YUNToolsKit.h in Headers */ = {isa = PBXBuildFile; fileRef = C24E90211CD341F800A09F52 /* YUNToolsKit.h */; settings = {ATTRIBUTES = (Public, ); }; };
		C24E90291CD341F800A09F52 /* YUNToolsKit.framework in Frameworks */ = {isa = PBXBuildFile; fileRef = C24E901E1CD341F800A09F52 /* YUNToolsKit.framework */; };
		C24E902E1CD341F800A09F52 /* YUNToolsKitTests.m in Sources */ = {isa = PBXBuildFile; fileRef = C24E902D1CD341F800A09F52 /* YUNToolsKitTests.m */; };
		C24E903A1CD3425E00A09F52 /* YUNLabel.h in Headers */ = {isa = PBXBuildFile; fileRef = C24E90381CD3425E00A09F52 /* YUNLabel.h */; settings = {ATTRIBUTES = (Public, ); }; };
		C24E903B1CD3425E00A09F52 /* YUNLabel.m in Sources */ = {isa = PBXBuildFile; fileRef = C24E90391CD3425E00A09F52 /* YUNLabel.m */; };
		C24E903F1CD349AD00A09F52 /* YUNLineView.h in Headers */ = {isa = PBXBuildFile; fileRef = C24E903D1CD349AD00A09F52 /* YUNLineView.h */; settings = {ATTRIBUTES = (Public, ); }; };
		C24E90401CD349AD00A09F52 /* YUNLineView.m in Sources */ = {isa = PBXBuildFile; fileRef = C24E903E1CD349AD00A09F52 /* YUNLineView.m */; };
		C27992111D07D4C300991C12 /* YUNPieProgressView.h in Headers */ = {isa = PBXBuildFile; fileRef = C279920F1D07D4C300991C12 /* YUNPieProgressView.h */; settings = {ATTRIBUTES = (Public, ); }; };
		C27992121D07D4C300991C12 /* YUNPieProgressView.m in Sources */ = {isa = PBXBuildFile; fileRef = C27992101D07D4C300991C12 /* YUNPieProgressView.m */; };
		C27992171D07F85000991C12 /* NSArray+YUNToolsKitAdditions.h in Headers */ = {isa = PBXBuildFile; fileRef = C27992151D07F85000991C12 /* NSArray+YUNToolsKitAdditions.h */; settings = {ATTRIBUTES = (Public, ); }; };
		C27992181D07F85000991C12 /* NSArray+YUNToolsKitAdditions.m in Sources */ = {isa = PBXBuildFile; fileRef = C27992161D07F85000991C12 /* NSArray+YUNToolsKitAdditions.m */; };
		C282CA5B1D3F2B400041E06F /* YUNMacros.h in Headers */ = {isa = PBXBuildFile; fileRef = C282CA591D3F2B400041E06F /* YUNMacros.h */; };
		C292D6391CF5381600F53B7F /* YUNButton.h in Headers */ = {isa = PBXBuildFile; fileRef = C292D6371CF5381600F53B7F /* YUNButton.h */; settings = {ATTRIBUTES = (Public, ); }; };
		C292D63A1CF5381600F53B7F /* YUNButton.m in Sources */ = {isa = PBXBuildFile; fileRef = C292D6381CF5381600F53B7F /* YUNButton.m */; };
		C292D63D1CF5395800F53B7F /* YUNTextField.h in Headers */ = {isa = PBXBuildFile; fileRef = C292D63B1CF5395800F53B7F /* YUNTextField.h */; settings = {ATTRIBUTES = (Public, ); }; };
		C292D63E1CF5395800F53B7F /* YUNTextField.m in Sources */ = {isa = PBXBuildFile; fileRef = C292D63C1CF5395800F53B7F /* YUNTextField.m */; };
		C292D6411CF53AB100F53B7F /* YUNTextView.h in Headers */ = {isa = PBXBuildFile; fileRef = C292D63F1CF53AB100F53B7F /* YUNTextView.h */; settings = {ATTRIBUTES = (Public, ); }; };
		C292D6421CF53AB100F53B7F /* YUNTextView.m in Sources */ = {isa = PBXBuildFile; fileRef = C292D6401CF53AB100F53B7F /* YUNTextView.m */; };
		C2981F6C1D07A65100D8046A /* YUNWebView.h in Headers */ = {isa = PBXBuildFile; fileRef = C2981F6A1D07A65100D8046A /* YUNWebView.h */; settings = {ATTRIBUTES = (Public, ); }; };
		C2981F6D1D07A65100D8046A /* YUNWebView.m in Sources */ = {isa = PBXBuildFile; fileRef = C2981F6B1D07A65100D8046A /* YUNWebView.m */; };
		C2981F711D07B1F100D8046A /* NSMutableArray+YUNToolsKitAdditions.h in Headers */ = {isa = PBXBuildFile; fileRef = C2981F6F1D07B1F100D8046A /* NSMutableArray+YUNToolsKitAdditions.h */; settings = {ATTRIBUTES = (Public, ); }; };
		C2981F721D07B1F100D8046A /* NSMutableArray+YUNToolsKitAdditions.m in Sources */ = {isa = PBXBuildFile; fileRef = C2981F701D07B1F100D8046A /* NSMutableArray+YUNToolsKitAdditions.m */; };
		C2981F751D07B5CF00D8046A /* NSNumber+YUNToolsKitAdditions.h in Headers */ = {isa = PBXBuildFile; fileRef = C2981F731D07B5CF00D8046A /* NSNumber+YUNToolsKitAdditions.h */; settings = {ATTRIBUTES = (Public, ); }; };
		C2981F761D07B5CF00D8046A /* NSNumber+YUNToolsKitAdditions.m in Sources */ = {isa = PBXBuildFile; fileRef = C2981F741D07B5CF00D8046A /* NSNumber+YUNToolsKitAdditions.m */; };
		C2981F791D07B6BA00D8046A /* NSString+YUNToolsKitAdditions.h in Headers */ = {isa = PBXBuildFile; fileRef = C2981F771D07B6BA00D8046A /* NSString+YUNToolsKitAdditions.h */; settings = {ATTRIBUTES = (Public, ); }; };
		C2981F7A1D07B6BA00D8046A /* NSString+YUNToolsKitAdditions.m in Sources */ = {isa = PBXBuildFile; fileRef = C2981F781D07B6BA00D8046A /* NSString+YUNToolsKitAdditions.m */; };
		C2981F7D1D07BD1E00D8046A /* NSData+YUNToolsKitAdditions.h in Headers */ = {isa = PBXBuildFile; fileRef = C2981F7B1D07BD1E00D8046A /* NSData+YUNToolsKitAdditions.h */; settings = {ATTRIBUTES = (Public, ); }; };
		C2981F7E1D07BD1E00D8046A /* NSData+YUNToolsKitAdditions.m in Sources */ = {isa = PBXBuildFile; fileRef = C2981F7C1D07BD1E00D8046A /* NSData+YUNToolsKitAdditions.m */; };
		C2981F811D07BDE100D8046A /* Foundation.framework in Frameworks */ = {isa = PBXBuildFile; fileRef = C2981F801D07BDE100D8046A /* Foundation.framework */; };
		C2981F831D07BDED00D8046A /* QuartzCore.framework in Frameworks */ = {isa = PBXBuildFile; fileRef = C2981F821D07BDED00D8046A /* QuartzCore.framework */; };
		C29F58291D48B1D100F81750 /* LICENSE in Resources */ = {isa = PBXBuildFile; fileRef = C29F58281D48B1D100F81750 /* LICENSE */; };
		C29F582B1D48B1DB00F81750 /* YUNToolsKit.podspec in Resources */ = {isa = PBXBuildFile; fileRef = C29F582A1D48B1DB00F81750 /* YUNToolsKit.podspec */; };
		C2A6E1071CFD6C8000A2B542 /* YUNBadgeView.h in Headers */ = {isa = PBXBuildFile; fileRef = C2A6E1051CFD6C8000A2B542 /* YUNBadgeView.h */; settings = {ATTRIBUTES = (Public, ); }; };
		C2A6E1081CFD6C8000A2B542 /* YUNBadgeView.m in Sources */ = {isa = PBXBuildFile; fileRef = C2A6E1061CFD6C8000A2B542 /* YUNBadgeView.m */; };
		C2A6E10C1CFD7B3A00A2B542 /* YUNDrawingUtilities.h in Headers */ = {isa = PBXBuildFile; fileRef = C2A6E10A1CFD7B3A00A2B542 /* YUNDrawingUtilities.h */; settings = {ATTRIBUTES = (Public, ); }; };
		C2A6E10D1CFD7B3A00A2B542 /* YUNDrawingUtilities.m in Sources */ = {isa = PBXBuildFile; fileRef = C2A6E10B1CFD7B3A00A2B542 /* YUNDrawingUtilities.m */; };
		C2A6E1121CFD83E600A2B542 /* YUNBorderedView.h in Headers */ = {isa = PBXBuildFile; fileRef = C2A6E1101CFD83E600A2B542 /* YUNBorderedView.h */; settings = {ATTRIBUTES = (Public, ); }; };
		C2A6E1131CFD83E600A2B542 /* YUNBorderedView.m in Sources */ = {isa = PBXBuildFile; fileRef = C2A6E1111CFD83E600A2B542 /* YUNBorderedView.m */; };
		C2A6E1161CFD8A4600A2B542 /* YUNGradientView.h in Headers */ = {isa = PBXBuildFile; fileRef = C2A6E1141CFD8A4600A2B542 /* YUNGradientView.h */; settings = {ATTRIBUTES = (Public, ); }; };
		C2A6E1171CFD8A4600A2B542 /* YUNGradientView.m in Sources */ = {isa = PBXBuildFile; fileRef = C2A6E1151CFD8A4600A2B542 /* YUNGradientView.m */; };
		C2BDC5FF1D0CFBAD0065C253 /* UIViewController+YUNToolsKitAdditions.h in Headers */ = {isa = PBXBuildFile; fileRef = C2BDC5FD1D0CFBAD0065C253 /* UIViewController+YUNToolsKitAdditions.h */; settings = {ATTRIBUTES = (Public, ); }; };
		C2BDC6001D0CFBAD0065C253 /* UIViewController+YUNToolsKitAdditions.m in Sources */ = {isa = PBXBuildFile; fileRef = C2BDC5FE1D0CFBAD0065C253 /* UIViewController+YUNToolsKitAdditions.m */; };
		C2BDC6031D0CFD090065C253 /* UIView+YUNToolsKitAdditions.h in Headers */ = {isa = PBXBuildFile; fileRef = C2BDC6011D0CFD090065C253 /* UIView+YUNToolsKitAdditions.h */; settings = {ATTRIBUTES = (Public, ); }; };
		C2BDC6041D0CFD090065C253 /* UIView+YUNToolsKitAdditions.m in Sources */ = {isa = PBXBuildFile; fileRef = C2BDC6021D0CFD090065C253 /* UIView+YUNToolsKitAdditions.m */; };
		C2BDC6071D0D069F0065C253 /* UIScreen+YUNToolsKitAdditions.h in Headers */ = {isa = PBXBuildFile; fileRef = C2BDC6051D0D069F0065C253 /* UIScreen+YUNToolsKitAdditions.h */; settings = {ATTRIBUTES = (Public, ); }; };
		C2BDC6081D0D069F0065C253 /* UIScreen+YUNToolsKitAdditions.m in Sources */ = {isa = PBXBuildFile; fileRef = C2BDC6061D0D069F0065C253 /* UIScreen+YUNToolsKitAdditions.m */; };
		C2BDC60B1D0D0E300065C253 /* UIImage+YUNToolsKitAdditions.h in Headers */ = {isa = PBXBuildFile; fileRef = C2BDC6091D0D0E300065C253 /* UIImage+YUNToolsKitAdditions.h */; settings = {ATTRIBUTES = (Public, ); }; };
		C2BDC60C1D0D0E300065C253 /* UIImage+YUNToolsKitAdditions.m in Sources */ = {isa = PBXBuildFile; fileRef = C2BDC60A1D0D0E300065C253 /* UIImage+YUNToolsKitAdditions.m */; };
		C2BDC60F1D0D16EF0065C253 /* UIDevice+YUNToolsKitAdditions.h in Headers */ = {isa = PBXBuildFile; fileRef = C2BDC60D1D0D16EF0065C253 /* UIDevice+YUNToolsKitAdditions.h */; settings = {ATTRIBUTES = (Public, ); }; };
		C2BDC6101D0D16EF0065C253 /* UIDevice+YUNToolsKitAdditions.m in Sources */ = {isa = PBXBuildFile; fileRef = C2BDC60E1D0D16EF0065C253 /* UIDevice+YUNToolsKitAdditions.m */; };
		C2BDC6131D0D1BAD0065C253 /* UIControl+YUNToolsKitAdditions.h in Headers */ = {isa = PBXBuildFile; fileRef = C2BDC6111D0D1BAD0065C253 /* UIControl+YUNToolsKitAdditions.h */; settings = {ATTRIBUTES = (Public, ); }; };
		C2BDC6141D0D1BAD0065C253 /* UIControl+YUNToolsKitAdditions.m in Sources */ = {isa = PBXBuildFile; fileRef = C2BDC6121D0D1BAD0065C253 /* UIControl+YUNToolsKitAdditions.m */; };
		C2BDC6171D0D1ECE0065C253 /* UIColor+YUNToolsKitAdditions.h in Headers */ = {isa = PBXBuildFile; fileRef = C2BDC6151D0D1ECE0065C253 /* UIColor+YUNToolsKitAdditions.h */; settings = {ATTRIBUTES = (Public, ); }; };
		C2BDC6181D0D1ECE0065C253 /* UIColor+YUNToolsKitAdditions.m in Sources */ = {isa = PBXBuildFile; fileRef = C2BDC6161D0D1ECE0065C253 /* UIColor+YUNToolsKitAdditions.m */; };
		C2D2725B1CFE74D700366B37 /* YUNLoadingView.h in Headers */ = {isa = PBXBuildFile; fileRef = C2D272591CFE74D700366B37 /* YUNLoadingView.h */; settings = {ATTRIBUTES = (Public, ); }; };
		C2D2725C1CFE74D700366B37 /* YUNLoadingView.m in Sources */ = {isa = PBXBuildFile; fileRef = C2D2725A1CFE74D700366B37 /* YUNLoadingView.m */; };
		C2F207061D0E926700FCC411 /* NSMutableArrayAdditionsTests.m in Sources */ = {isa = PBXBuildFile; fileRef = C2F207051D0E926700FCC411 /* NSMutableArrayAdditionsTests.m */; };
		C2F2070A1D0E95F500FCC411 /* Foundation.framework in Frameworks */ = {isa = PBXBuildFile; fileRef = C2981F801D07BDE100D8046A /* Foundation.framework */; };
		C2F2070B1D0E960000FCC411 /* UIKit.framework in Frameworks */ = {isa = PBXBuildFile; fileRef = C242DB6A1D06DB5B007FCF52 /* UIKit.framework */; };
		C2F2070F1D0E984000FCC411 /* UIScreenAdditionsTests.m in Sources */ = {isa = PBXBuildFile; fileRef = C2F2070E1D0E984000FCC411 /* UIScreenAdditionsTests.m */; };
		C2F207171D0E9C9C00FCC411 /* NSNumberAdditionsTest.m in Sources */ = {isa = PBXBuildFile; fileRef = C2F207161D0E9C9C00FCC411 /* NSNumberAdditionsTest.m */; };
		C2F207191D0EA79A00FCC411 /* NSStringAdditionsTests.m in Sources */ = {isa = PBXBuildFile; fileRef = C2F207181D0EA79A00FCC411 /* NSStringAdditionsTests.m */; };
		C2F2071B1D0EA8AC00FCC411 /* NSArrayAdditionsTests.m in Sources */ = {isa = PBXBuildFile; fileRef = C2F2071A1D0EA8AC00FCC411 /* NSArrayAdditionsTests.m */; };
/* End PBXBuildFile section */

/* Begin PBXContainerItemProxy section */
		C24E902A1CD341F800A09F52 /* PBXContainerItemProxy */ = {
			isa = PBXContainerItemProxy;
			containerPortal = C24E90151CD341F800A09F52 /* Project object */;
			proxyType = 1;
			remoteGlobalIDString = C24E901D1CD341F800A09F52;
			remoteInfo = YUNToolsKit;
		};
/* End PBXContainerItemProxy section */

/* Begin PBXFileReference section */
		C20EA6041D0D46D6001663F3 /* NSBundle+YUNToolsKitAdditions.h */ = {isa = PBXFileReference; fileEncoding = 4; lastKnownFileType = sourcecode.c.h; path = "NSBundle+YUNToolsKitAdditions.h"; sourceTree = "<group>"; };
		C20EA6051D0D46D6001663F3 /* NSBundle+YUNToolsKitAdditions.m */ = {isa = PBXFileReference; fileEncoding = 4; lastKnownFileType = sourcecode.c.objc; path = "NSBundle+YUNToolsKitAdditions.m"; sourceTree = "<group>"; };
		C23EBFD11D080729006032E5 /* NSURL+YUNToolsKitAdditions.h */ = {isa = PBXFileReference; fileEncoding = 4; lastKnownFileType = sourcecode.c.h; path = "NSURL+YUNToolsKitAdditions.h"; sourceTree = "<group>"; };
		C23EBFD21D080729006032E5 /* NSURL+YUNToolsKitAdditions.m */ = {isa = PBXFileReference; fileEncoding = 4; lastKnownFileType = sourcecode.c.objc; path = "NSURL+YUNToolsKitAdditions.m"; sourceTree = "<group>"; };
		C23EBFD51D080989006032E5 /* NSDictionary+YUNToolsKitAdditions.h */ = {isa = PBXFileReference; fileEncoding = 4; lastKnownFileType = sourcecode.c.h; path = "NSDictionary+YUNToolsKitAdditions.h"; sourceTree = "<group>"; };
		C23EBFD61D080989006032E5 /* NSDictionary+YUNToolsKitAdditions.m */ = {isa = PBXFileReference; fileEncoding = 4; lastKnownFileType = sourcecode.c.objc; path = "NSDictionary+YUNToolsKitAdditions.m"; sourceTree = "<group>"; };
		C23F9AC11D0D40AF00E36D73 /* UIApplication+YUNToolsKitAdditions.h */ = {isa = PBXFileReference; fileEncoding = 4; lastKnownFileType = sourcecode.c.h; path = "UIApplication+YUNToolsKitAdditions.h"; sourceTree = "<group>"; };
		C23F9AC21D0D40AF00E36D73 /* UIApplication+YUNToolsKitAdditions.m */ = {isa = PBXFileReference; fileEncoding = 4; lastKnownFileType = sourcecode.c.objc; path = "UIApplication+YUNToolsKitAdditions.m"; sourceTree = "<group>"; };
		C242DB6A1D06DB5B007FCF52 /* UIKit.framework */ = {isa = PBXFileReference; lastKnownFileType = wrapper.framework; name = UIKit.framework; path = System/Library/Frameworks/UIKit.framework; sourceTree = SDKROOT; };
		C242DBB81D06E3EC007FCF52 /* UIScrollView+YUNToolsKitAdditions.h */ = {isa = PBXFileReference; fileEncoding = 4; lastKnownFileType = sourcecode.c.h; path = "UIScrollView+YUNToolsKitAdditions.h"; sourceTree = "<group>"; };
		C242DBB91D06E3EC007FCF52 /* UIScrollView+YUNToolsKitAdditions.m */ = {isa = PBXFileReference; fileEncoding = 4; lastKnownFileType = sourcecode.c.objc; path = "UIScrollView+YUNToolsKitAdditions.m"; sourceTree = "<group>"; };
		C24E901E1CD341F800A09F52 /* YUNToolsKit.framework */ = {isa = PBXFileReference; explicitFileType = wrapper.framework; includeInIndex = 0; path = YUNToolsKit.framework; sourceTree = BUILT_PRODUCTS_DIR; };
		C24E90211CD341F800A09F52 /* YUNToolsKit.h */ = {isa = PBXFileReference; lastKnownFileType = sourcecode.c.h; path = YUNToolsKit.h; sourceTree = "<group>"; };
		C24E90231CD341F800A09F52 /* Info.plist */ = {isa = PBXFileReference; lastKnownFileType = text.plist.xml; path = Info.plist; sourceTree = "<group>"; };
		C24E90281CD341F800A09F52 /* YUNToolsKitTests.xctest */ = {isa = PBXFileReference; explicitFileType = wrapper.cfbundle; includeInIndex = 0; path = YUNToolsKitTests.xctest; sourceTree = BUILT_PRODUCTS_DIR; };
		C24E902D1CD341F800A09F52 /* YUNToolsKitTests.m */ = {isa = PBXFileReference; lastKnownFileType = sourcecode.c.objc; path = YUNToolsKitTests.m; sourceTree = "<group>"; };
		C24E902F1CD341F800A09F52 /* Info.plist */ = {isa = PBXFileReference; lastKnownFileType = text.plist.xml; path = Info.plist; sourceTree = "<group>"; };
		C24E90381CD3425E00A09F52 /* YUNLabel.h */ = {isa = PBXFileReference; fileEncoding = 4; lastKnownFileType = sourcecode.c.h; path = YUNLabel.h; sourceTree = "<group>"; };
		C24E90391CD3425E00A09F52 /* YUNLabel.m */ = {isa = PBXFileReference; fileEncoding = 4; lastKnownFileType = sourcecode.c.objc; path = YUNLabel.m; sourceTree = "<group>"; };
		C24E903D1CD349AD00A09F52 /* YUNLineView.h */ = {isa = PBXFileReference; fileEncoding = 4; lastKnownFileType = sourcecode.c.h; path = YUNLineView.h; sourceTree = "<group>"; };
		C24E903E1CD349AD00A09F52 /* YUNLineView.m */ = {isa = PBXFileReference; fileEncoding = 4; lastKnownFileType = sourcecode.c.objc; path = YUNLineView.m; sourceTree = "<group>"; };
		C279920F1D07D4C300991C12 /* YUNPieProgressView.h */ = {isa = PBXFileReference; fileEncoding = 4; lastKnownFileType = sourcecode.c.h; path = YUNPieProgressView.h; sourceTree = "<group>"; };
		C27992101D07D4C300991C12 /* YUNPieProgressView.m */ = {isa = PBXFileReference; fileEncoding = 4; lastKnownFileType = sourcecode.c.objc; path = YUNPieProgressView.m; sourceTree = "<group>"; };
		C27992151D07F85000991C12 /* NSArray+YUNToolsKitAdditions.h */ = {isa = PBXFileReference; fileEncoding = 4; lastKnownFileType = sourcecode.c.h; path = "NSArray+YUNToolsKitAdditions.h"; sourceTree = "<group>"; };
		C27992161D07F85000991C12 /* NSArray+YUNToolsKitAdditions.m */ = {isa = PBXFileReference; fileEncoding = 4; lastKnownFileType = sourcecode.c.objc; path = "NSArray+YUNToolsKitAdditions.m"; sourceTree = "<group>"; };
		C282CA591D3F2B400041E06F /* YUNMacros.h */ = {isa = PBXFileReference; fileEncoding = 4; lastKnownFileType = sourcecode.c.h; path = YUNMacros.h; sourceTree = "<group>"; };
		C292D6371CF5381600F53B7F /* YUNButton.h */ = {isa = PBXFileReference; fileEncoding = 4; lastKnownFileType = sourcecode.c.h; path = YUNButton.h; sourceTree = "<group>"; };
		C292D6381CF5381600F53B7F /* YUNButton.m */ = {isa = PBXFileReference; fileEncoding = 4; lastKnownFileType = sourcecode.c.objc; path = YUNButton.m; sourceTree = "<group>"; };
		C292D63B1CF5395800F53B7F /* YUNTextField.h */ = {isa = PBXFileReference; fileEncoding = 4; lastKnownFileType = sourcecode.c.h; path = YUNTextField.h; sourceTree = "<group>"; };
		C292D63C1CF5395800F53B7F /* YUNTextField.m */ = {isa = PBXFileReference; fileEncoding = 4; lastKnownFileType = sourcecode.c.objc; path = YUNTextField.m; sourceTree = "<group>"; };
		C292D63F1CF53AB100F53B7F /* YUNTextView.h */ = {isa = PBXFileReference; fileEncoding = 4; lastKnownFileType = sourcecode.c.h; path = YUNTextView.h; sourceTree = "<group>"; };
		C292D6401CF53AB100F53B7F /* YUNTextView.m */ = {isa = PBXFileReference; fileEncoding = 4; lastKnownFileType = sourcecode.c.objc; path = YUNTextView.m; sourceTree = "<group>"; };
		C2981F6A1D07A65100D8046A /* YUNWebView.h */ = {isa = PBXFileReference; fileEncoding = 4; lastKnownFileType = sourcecode.c.h; path = YUNWebView.h; sourceTree = "<group>"; };
		C2981F6B1D07A65100D8046A /* YUNWebView.m */ = {isa = PBXFileReference; fileEncoding = 4; lastKnownFileType = sourcecode.c.objc; path = YUNWebView.m; sourceTree = "<group>"; };
		C2981F6F1D07B1F100D8046A /* NSMutableArray+YUNToolsKitAdditions.h */ = {isa = PBXFileReference; fileEncoding = 4; lastKnownFileType = sourcecode.c.h; path = "NSMutableArray+YUNToolsKitAdditions.h"; sourceTree = "<group>"; };
		C2981F701D07B1F100D8046A /* NSMutableArray+YUNToolsKitAdditions.m */ = {isa = PBXFileReference; fileEncoding = 4; lastKnownFileType = sourcecode.c.objc; path = "NSMutableArray+YUNToolsKitAdditions.m"; sourceTree = "<group>"; };
		C2981F731D07B5CF00D8046A /* NSNumber+YUNToolsKitAdditions.h */ = {isa = PBXFileReference; fileEncoding = 4; lastKnownFileType = sourcecode.c.h; path = "NSNumber+YUNToolsKitAdditions.h"; sourceTree = "<group>"; };
		C2981F741D07B5CF00D8046A /* NSNumber+YUNToolsKitAdditions.m */ = {isa = PBXFileReference; fileEncoding = 4; lastKnownFileType = sourcecode.c.objc; path = "NSNumber+YUNToolsKitAdditions.m"; sourceTree = "<group>"; };
		C2981F771D07B6BA00D8046A /* NSString+YUNToolsKitAdditions.h */ = {isa = PBXFileReference; fileEncoding = 4; lastKnownFileType = sourcecode.c.h; path = "NSString+YUNToolsKitAdditions.h"; sourceTree = "<group>"; };
		C2981F781D07B6BA00D8046A /* NSString+YUNToolsKitAdditions.m */ = {isa = PBXFileReference; fileEncoding = 4; lastKnownFileType = sourcecode.c.objc; path = "NSString+YUNToolsKitAdditions.m"; sourceTree = "<group>"; };
		C2981F7B1D07BD1E00D8046A /* NSData+YUNToolsKitAdditions.h */ = {isa = PBXFileReference; fileEncoding = 4; lastKnownFileType = sourcecode.c.h; path = "NSData+YUNToolsKitAdditions.h"; sourceTree = "<group>"; };
		C2981F7C1D07BD1E00D8046A /* NSData+YUNToolsKitAdditions.m */ = {isa = PBXFileReference; fileEncoding = 4; lastKnownFileType = sourcecode.c.objc; path = "NSData+YUNToolsKitAdditions.m"; sourceTree = "<group>"; };
		C2981F801D07BDE100D8046A /* Foundation.framework */ = {isa = PBXFileReference; lastKnownFileType = wrapper.framework; name = Foundation.framework; path = System/Library/Frameworks/Foundation.framework; sourceTree = SDKROOT; };
		C2981F821D07BDED00D8046A /* QuartzCore.framework */ = {isa = PBXFileReference; lastKnownFileType = wrapper.framework; name = QuartzCore.framework; path = System/Library/Frameworks/QuartzCore.framework; sourceTree = SDKROOT; };
		C29F58281D48B1D100F81750 /* LICENSE */ = {isa = PBXFileReference; fileEncoding = 4; lastKnownFileType = text; path = LICENSE; sourceTree = "<group>"; };
		C29F582A1D48B1DB00F81750 /* YUNToolsKit.podspec */ = {isa = PBXFileReference; fileEncoding = 4; lastKnownFileType = text; path = YUNToolsKit.podspec; sourceTree = "<group>"; };
		C2A6E1051CFD6C8000A2B542 /* YUNBadgeView.h */ = {isa = PBXFileReference; fileEncoding = 4; lastKnownFileType = sourcecode.c.h; path = YUNBadgeView.h; sourceTree = "<group>"; };
		C2A6E1061CFD6C8000A2B542 /* YUNBadgeView.m */ = {isa = PBXFileReference; fileEncoding = 4; lastKnownFileType = sourcecode.c.objc; path = YUNBadgeView.m; sourceTree = "<group>"; };
		C2A6E10A1CFD7B3A00A2B542 /* YUNDrawingUtilities.h */ = {isa = PBXFileReference; fileEncoding = 4; lastKnownFileType = sourcecode.c.h; path = YUNDrawingUtilities.h; sourceTree = "<group>"; };
		C2A6E10B1CFD7B3A00A2B542 /* YUNDrawingUtilities.m */ = {isa = PBXFileReference; fileEncoding = 4; lastKnownFileType = sourcecode.c.objc; path = YUNDrawingUtilities.m; sourceTree = "<group>"; };
		C2A6E10F1CFD7C0600A2B542 /* YUNToolsKit_Prefix.pch */ = {isa = PBXFileReference; lastKnownFileType = sourcecode.c.h; path = YUNToolsKit_Prefix.pch; sourceTree = "<group>"; };
		C2A6E1101CFD83E600A2B542 /* YUNBorderedView.h */ = {isa = PBXFileReference; fileEncoding = 4; lastKnownFileType = sourcecode.c.h; path = YUNBorderedView.h; sourceTree = "<group>"; };
		C2A6E1111CFD83E600A2B542 /* YUNBorderedView.m */ = {isa = PBXFileReference; fileEncoding = 4; lastKnownFileType = sourcecode.c.objc; path = YUNBorderedView.m; sourceTree = "<group>"; };
		C2A6E1141CFD8A4600A2B542 /* YUNGradientView.h */ = {isa = PBXFileReference; fileEncoding = 4; lastKnownFileType = sourcecode.c.h; path = YUNGradientView.h; sourceTree = "<group>"; };
		C2A6E1151CFD8A4600A2B542 /* YUNGradientView.m */ = {isa = PBXFileReference; fileEncoding = 4; lastKnownFileType = sourcecode.c.objc; path = YUNGradientView.m; sourceTree = "<group>"; };
		C2BDC5FD1D0CFBAD0065C253 /* UIViewController+YUNToolsKitAdditions.h */ = {isa = PBXFileReference; fileEncoding = 4; lastKnownFileType = sourcecode.c.h; path = "UIViewController+YUNToolsKitAdditions.h"; sourceTree = "<group>"; };
		C2BDC5FE1D0CFBAD0065C253 /* UIViewController+YUNToolsKitAdditions.m */ = {isa = PBXFileReference; fileEncoding = 4; lastKnownFileType = sourcecode.c.objc; path = "UIViewController+YUNToolsKitAdditions.m"; sourceTree = "<group>"; };
		C2BDC6011D0CFD090065C253 /* UIView+YUNToolsKitAdditions.h */ = {isa = PBXFileReference; fileEncoding = 4; lastKnownFileType = sourcecode.c.h; path = "UIView+YUNToolsKitAdditions.h"; sourceTree = "<group>"; };
		C2BDC6021D0CFD090065C253 /* UIView+YUNToolsKitAdditions.m */ = {isa = PBXFileReference; fileEncoding = 4; lastKnownFileType = sourcecode.c.objc; path = "UIView+YUNToolsKitAdditions.m"; sourceTree = "<group>"; };
		C2BDC6051D0D069F0065C253 /* UIScreen+YUNToolsKitAdditions.h */ = {isa = PBXFileReference; fileEncoding = 4; lastKnownFileType = sourcecode.c.h; path = "UIScreen+YUNToolsKitAdditions.h"; sourceTree = "<group>"; };
		C2BDC6061D0D069F0065C253 /* UIScreen+YUNToolsKitAdditions.m */ = {isa = PBXFileReference; fileEncoding = 4; lastKnownFileType = sourcecode.c.objc; path = "UIScreen+YUNToolsKitAdditions.m"; sourceTree = "<group>"; };
		C2BDC6091D0D0E300065C253 /* UIImage+YUNToolsKitAdditions.h */ = {isa = PBXFileReference; fileEncoding = 4; lastKnownFileType = sourcecode.c.h; path = "UIImage+YUNToolsKitAdditions.h"; sourceTree = "<group>"; };
		C2BDC60A1D0D0E300065C253 /* UIImage+YUNToolsKitAdditions.m */ = {isa = PBXFileReference; fileEncoding = 4; lastKnownFileType = sourcecode.c.objc; path = "UIImage+YUNToolsKitAdditions.m"; sourceTree = "<group>"; };
		C2BDC60D1D0D16EF0065C253 /* UIDevice+YUNToolsKitAdditions.h */ = {isa = PBXFileReference; fileEncoding = 4; lastKnownFileType = sourcecode.c.h; path = "UIDevice+YUNToolsKitAdditions.h"; sourceTree = "<group>"; };
		C2BDC60E1D0D16EF0065C253 /* UIDevice+YUNToolsKitAdditions.m */ = {isa = PBXFileReference; fileEncoding = 4; lastKnownFileType = sourcecode.c.objc; path = "UIDevice+YUNToolsKitAdditions.m"; sourceTree = "<group>"; };
		C2BDC6111D0D1BAD0065C253 /* UIControl+YUNToolsKitAdditions.h */ = {isa = PBXFileReference; fileEncoding = 4; lastKnownFileType = sourcecode.c.h; path = "UIControl+YUNToolsKitAdditions.h"; sourceTree = "<group>"; };
		C2BDC6121D0D1BAD0065C253 /* UIControl+YUNToolsKitAdditions.m */ = {isa = PBXFileReference; fileEncoding = 4; lastKnownFileType = sourcecode.c.objc; path = "UIControl+YUNToolsKitAdditions.m"; sourceTree = "<group>"; };
		C2BDC6151D0D1ECE0065C253 /* UIColor+YUNToolsKitAdditions.h */ = {isa = PBXFileReference; fileEncoding = 4; lastKnownFileType = sourcecode.c.h; path = "UIColor+YUNToolsKitAdditions.h"; sourceTree = "<group>"; };
		C2BDC6161D0D1ECE0065C253 /* UIColor+YUNToolsKitAdditions.m */ = {isa = PBXFileReference; fileEncoding = 4; lastKnownFileType = sourcecode.c.objc; path = "UIColor+YUNToolsKitAdditions.m"; sourceTree = "<group>"; };
		C2D272591CFE74D700366B37 /* YUNLoadingView.h */ = {isa = PBXFileReference; fileEncoding = 4; lastKnownFileType = sourcecode.c.h; path = YUNLoadingView.h; sourceTree = "<group>"; };
		C2D2725A1CFE74D700366B37 /* YUNLoadingView.m */ = {isa = PBXFileReference; fileEncoding = 4; lastKnownFileType = sourcecode.c.objc; path = YUNLoadingView.m; sourceTree = "<group>"; };
		C2F207051D0E926700FCC411 /* NSMutableArrayAdditionsTests.m */ = {isa = PBXFileReference; fileEncoding = 4; lastKnownFileType = sourcecode.c.objc; path = NSMutableArrayAdditionsTests.m; sourceTree = "<group>"; };
		C2F2070E1D0E984000FCC411 /* UIScreenAdditionsTests.m */ = {isa = PBXFileReference; fileEncoding = 4; lastKnownFileType = sourcecode.c.objc; path = UIScreenAdditionsTests.m; sourceTree = "<group>"; };
		C2F207161D0E9C9C00FCC411 /* NSNumberAdditionsTest.m */ = {isa = PBXFileReference; fileEncoding = 4; lastKnownFileType = sourcecode.c.objc; path = NSNumberAdditionsTest.m; sourceTree = "<group>"; };
		C2F207181D0EA79A00FCC411 /* NSStringAdditionsTests.m */ = {isa = PBXFileReference; fileEncoding = 4; lastKnownFileType = sourcecode.c.objc; path = NSStringAdditionsTests.m; sourceTree = "<group>"; };
		C2F2071A1D0EA8AC00FCC411 /* NSArrayAdditionsTests.m */ = {isa = PBXFileReference; fileEncoding = 4; lastKnownFileType = sourcecode.c.objc; path = NSArrayAdditionsTests.m; sourceTree = "<group>"; };
/* End PBXFileReference section */

/* Begin PBXFrameworksBuildPhase section */
		C24E901A1CD341F800A09F52 /* Frameworks */ = {
			isa = PBXFrameworksBuildPhase;
			buildActionMask = 2147483647;
			files = (
				C2981F831D07BDED00D8046A /* QuartzCore.framework in Frameworks */,
				C2981F811D07BDE100D8046A /* Foundation.framework in Frameworks */,
				C242DB6B1D06DB5B007FCF52 /* UIKit.framework in Frameworks */,
			);
			runOnlyForDeploymentPostprocessing = 0;
		};
		C24E90251CD341F800A09F52 /* Frameworks */ = {
			isa = PBXFrameworksBuildPhase;
			buildActionMask = 2147483647;
			files = (
				C2F2070B1D0E960000FCC411 /* UIKit.framework in Frameworks */,
				C2F2070A1D0E95F500FCC411 /* Foundation.framework in Frameworks */,
				C24E90291CD341F800A09F52 /* YUNToolsKit.framework in Frameworks */,
			);
			runOnlyForDeploymentPostprocessing = 0;
		};
/* End PBXFrameworksBuildPhase section */

/* Begin PBXGroup section */
		C242DBB61D06E3CF007FCF52 /* Categories */ = {
			isa = PBXGroup;
			children = (
				C2981F6E1D07B1C700D8046A /* Foundation */,
				C242DBB71D06E3DB007FCF52 /* UIKit */,
			);
			name = Categories;
			sourceTree = "<group>";
		};
		C242DBB71D06E3DB007FCF52 /* UIKit */ = {
			isa = PBXGroup;
			children = (
				C242DBB81D06E3EC007FCF52 /* UIScrollView+YUNToolsKitAdditions.h */,
				C242DBB91D06E3EC007FCF52 /* UIScrollView+YUNToolsKitAdditions.m */,
				C2BDC5FD1D0CFBAD0065C253 /* UIViewController+YUNToolsKitAdditions.h */,
				C2BDC5FE1D0CFBAD0065C253 /* UIViewController+YUNToolsKitAdditions.m */,
				C2BDC6011D0CFD090065C253 /* UIView+YUNToolsKitAdditions.h */,
				C2BDC6021D0CFD090065C253 /* UIView+YUNToolsKitAdditions.m */,
				C2BDC6051D0D069F0065C253 /* UIScreen+YUNToolsKitAdditions.h */,
				C2BDC6061D0D069F0065C253 /* UIScreen+YUNToolsKitAdditions.m */,
				C2BDC6091D0D0E300065C253 /* UIImage+YUNToolsKitAdditions.h */,
				C2BDC60A1D0D0E300065C253 /* UIImage+YUNToolsKitAdditions.m */,
				C2BDC60D1D0D16EF0065C253 /* UIDevice+YUNToolsKitAdditions.h */,
				C2BDC60E1D0D16EF0065C253 /* UIDevice+YUNToolsKitAdditions.m */,
				C2BDC6111D0D1BAD0065C253 /* UIControl+YUNToolsKitAdditions.h */,
				C2BDC6121D0D1BAD0065C253 /* UIControl+YUNToolsKitAdditions.m */,
				C2BDC6151D0D1ECE0065C253 /* UIColor+YUNToolsKitAdditions.h */,
				C2BDC6161D0D1ECE0065C253 /* UIColor+YUNToolsKitAdditions.m */,
				C23F9AC11D0D40AF00E36D73 /* UIApplication+YUNToolsKitAdditions.h */,
				C23F9AC21D0D40AF00E36D73 /* UIApplication+YUNToolsKitAdditions.m */,
				C29F58281D48B1D100F81750 /* LICENSE */,
				C29F582A1D48B1DB00F81750 /* YUNToolsKit.podspec */,
			);
			name = UIKit;
			sourceTree = "<group>";
		};
		C24E90141CD341F800A09F52 = {
			isa = PBXGroup;
			children = (
				C24E90201CD341F800A09F52 /* YUNToolsKit */,
				C24E902C1CD341F800A09F52 /* YUNToolsKitTests */,
				C24E901F1CD341F800A09F52 /* Products */,
			);
			sourceTree = "<group>";
		};
		C24E901F1CD341F800A09F52 /* Products */ = {
			isa = PBXGroup;
			children = (
				C24E901E1CD341F800A09F52 /* YUNToolsKit.framework */,
				C24E90281CD341F800A09F52 /* YUNToolsKitTests.xctest */,
			);
			name = Products;
			sourceTree = "<group>";
		};
		C24E90201CD341F800A09F52 /* YUNToolsKit */ = {
			isa = PBXGroup;
			children = (
				C24E90211CD341F800A09F52 /* YUNToolsKit.h */,
				C2981F7F1D07BDB000D8046A /* Frameworks */,
				C242DBB61D06E3CF007FCF52 /* Categories */,
				C2A6E10E1CFD7BE400A2B542 /* Other Sources */,
				C2A6E1091CFD7AFA00A2B542 /* Misc */,
				C24E903C1CD3428A00A09F52 /* Views */,
				C292D6361CF537F500F53B7F /* Controls */,
				C24E90231CD341F800A09F52 /* Info.plist */,
			);
			path = YUNToolsKit;
			sourceTree = "<group>";
		};
		C24E902C1CD341F800A09F52 /* YUNToolsKitTests */ = {
			isa = PBXGroup;
			children = (
				C24E902D1CD341F800A09F52 /* YUNToolsKitTests.m */,
				C2F207051D0E926700FCC411 /* NSMutableArrayAdditionsTests.m */,
				C2F2070E1D0E984000FCC411 /* UIScreenAdditionsTests.m */,
				C2F207161D0E9C9C00FCC411 /* NSNumberAdditionsTest.m */,
				C2F207181D0EA79A00FCC411 /* NSStringAdditionsTests.m */,
				C2F2071A1D0EA8AC00FCC411 /* NSArrayAdditionsTests.m */,
				C24E902F1CD341F800A09F52 /* Info.plist */,
			);
			path = YUNToolsKitTests;
			sourceTree = "<group>";
		};
		C24E903C1CD3428A00A09F52 /* Views */ = {
			isa = PBXGroup;
			children = (
				C24E90381CD3425E00A09F52 /* YUNLabel.h */,
				C24E90391CD3425E00A09F52 /* YUNLabel.m */,
				C24E903D1CD349AD00A09F52 /* YUNLineView.h */,
				C24E903E1CD349AD00A09F52 /* YUNLineView.m */,
				C2A6E1051CFD6C8000A2B542 /* YUNBadgeView.h */,
				C2A6E1061CFD6C8000A2B542 /* YUNBadgeView.m */,
				C2A6E1101CFD83E600A2B542 /* YUNBorderedView.h */,
				C2A6E1111CFD83E600A2B542 /* YUNBorderedView.m */,
				C2A6E1141CFD8A4600A2B542 /* YUNGradientView.h */,
				C2A6E1151CFD8A4600A2B542 /* YUNGradientView.m */,
				C2D272591CFE74D700366B37 /* YUNLoadingView.h */,
				C2D2725A1CFE74D700366B37 /* YUNLoadingView.m */,
				C279920F1D07D4C300991C12 /* YUNPieProgressView.h */,
				C27992101D07D4C300991C12 /* YUNPieProgressView.m */,
				C2981F6A1D07A65100D8046A /* YUNWebView.h */,
				C2981F6B1D07A65100D8046A /* YUNWebView.m */,
			);
			name = Views;
			sourceTree = "<group>";
		};
		C292D6361CF537F500F53B7F /* Controls */ = {
			isa = PBXGroup;
			children = (
				C292D6371CF5381600F53B7F /* YUNButton.h */,
				C292D6381CF5381600F53B7F /* YUNButton.m */,
				C292D63B1CF5395800F53B7F /* YUNTextField.h */,
				C292D63C1CF5395800F53B7F /* YUNTextField.m */,
				C292D63F1CF53AB100F53B7F /* YUNTextView.h */,
				C292D6401CF53AB100F53B7F /* YUNTextView.m */,
			);
			name = Controls;
			sourceTree = "<group>";
		};
		C2981F6E1D07B1C700D8046A /* Foundation */ = {
			isa = PBXGroup;
			children = (
				C2981F6F1D07B1F100D8046A /* NSMutableArray+YUNToolsKitAdditions.h */,
				C2981F701D07B1F100D8046A /* NSMutableArray+YUNToolsKitAdditions.m */,
				C2981F731D07B5CF00D8046A /* NSNumber+YUNToolsKitAdditions.h */,
				C2981F741D07B5CF00D8046A /* NSNumber+YUNToolsKitAdditions.m */,
				C2981F771D07B6BA00D8046A /* NSString+YUNToolsKitAdditions.h */,
				C2981F781D07B6BA00D8046A /* NSString+YUNToolsKitAdditions.m */,
				C2981F7B1D07BD1E00D8046A /* NSData+YUNToolsKitAdditions.h */,
				C2981F7C1D07BD1E00D8046A /* NSData+YUNToolsKitAdditions.m */,
				C27992151D07F85000991C12 /* NSArray+YUNToolsKitAdditions.h */,
				C27992161D07F85000991C12 /* NSArray+YUNToolsKitAdditions.m */,
				C23EBFD11D080729006032E5 /* NSURL+YUNToolsKitAdditions.h */,
				C23EBFD21D080729006032E5 /* NSURL+YUNToolsKitAdditions.m */,
				C23EBFD51D080989006032E5 /* NSDictionary+YUNToolsKitAdditions.h */,
				C23EBFD61D080989006032E5 /* NSDictionary+YUNToolsKitAdditions.m */,
				C20EA6041D0D46D6001663F3 /* NSBundle+YUNToolsKitAdditions.h */,
				C20EA6051D0D46D6001663F3 /* NSBundle+YUNToolsKitAdditions.m */,
			);
			name = Foundation;
			sourceTree = "<group>";
		};
		C2981F7F1D07BDB000D8046A /* Frameworks */ = {
			isa = PBXGroup;
			children = (
				C242DB6A1D06DB5B007FCF52 /* UIKit.framework */,
				C2981F821D07BDED00D8046A /* QuartzCore.framework */,
				C2981F801D07BDE100D8046A /* Foundation.framework */,
			);
			name = Frameworks;
			sourceTree = "<group>";
		};
		C2A6E1091CFD7AFA00A2B542 /* Misc */ = {
			isa = PBXGroup;
			children = (
				C2A6E10A1CFD7B3A00A2B542 /* YUNDrawingUtilities.h */,
				C2A6E10B1CFD7B3A00A2B542 /* YUNDrawingUtilities.m */,
				C282CA591D3F2B400041E06F /* YUNMacros.h */,
			);
			name = Misc;
			sourceTree = "<group>";
		};
		C2A6E10E1CFD7BE400A2B542 /* Other Sources */ = {
			isa = PBXGroup;
			children = (
				C2A6E10F1CFD7C0600A2B542 /* YUNToolsKit_Prefix.pch */,
			);
			name = "Other Sources";
			sourceTree = "<group>";
		};
/* End PBXGroup section */

/* Begin PBXHeadersBuildPhase section */
		C24E901B1CD341F800A09F52 /* Headers */ = {
			isa = PBXHeadersBuildPhase;
			buildActionMask = 2147483647;
			files = (
				C24E903A1CD3425E00A09F52 /* YUNLabel.h in Headers */,
				C292D6411CF53AB100F53B7F /* YUNTextView.h in Headers */,
				C20EA6061D0D46D6001663F3 /* NSBundle+YUNToolsKitAdditions.h in Headers */,
				C24E90221CD341F800A09F52 /* YUNToolsKit.h in Headers */,
				C292D6391CF5381600F53B7F /* YUNButton.h in Headers */,
				C24E903F1CD349AD00A09F52 /* YUNLineView.h in Headers */,
				C2A6E1071CFD6C8000A2B542 /* YUNBadgeView.h in Headers */,
				C2981F711D07B1F100D8046A /* NSMutableArray+YUNToolsKitAdditions.h in Headers */,
				C2A6E1161CFD8A4600A2B542 /* YUNGradientView.h in Headers */,
				C2A6E10C1CFD7B3A00A2B542 /* YUNDrawingUtilities.h in Headers */,
				C2981F791D07B6BA00D8046A /* NSString+YUNToolsKitAdditions.h in Headers */,
				C23EBFD31D080729006032E5 /* NSURL+YUNToolsKitAdditions.h in Headers */,
				C27992171D07F85000991C12 /* NSArray+YUNToolsKitAdditions.h in Headers */,
				C23EBFD71D080989006032E5 /* NSDictionary+YUNToolsKitAdditions.h in Headers */,
				C2981F7D1D07BD1E00D8046A /* NSData+YUNToolsKitAdditions.h in Headers */,
				C242DBBA1D06E3EC007FCF52 /* UIScrollView+YUNToolsKitAdditions.h in Headers */,
				C282CA5B1D3F2B400041E06F /* YUNMacros.h in Headers */,
				C2BDC6031D0CFD090065C253 /* UIView+YUNToolsKitAdditions.h in Headers */,
				C2BDC60B1D0D0E300065C253 /* UIImage+YUNToolsKitAdditions.h in Headers */,
				C2BDC6071D0D069F0065C253 /* UIScreen+YUNToolsKitAdditions.h in Headers */,
				C2BDC60F1D0D16EF0065C253 /* UIDevice+YUNToolsKitAdditions.h in Headers */,
				C2BDC6131D0D1BAD0065C253 /* UIControl+YUNToolsKitAdditions.h in Headers */,
				C2BDC6171D0D1ECE0065C253 /* UIColor+YUNToolsKitAdditions.h in Headers */,
				C23F9AC31D0D40AF00E36D73 /* UIApplication+YUNToolsKitAdditions.h in Headers */,
				C2BDC5FF1D0CFBAD0065C253 /* UIViewController+YUNToolsKitAdditions.h in Headers */,
				C2D2725B1CFE74D700366B37 /* YUNLoadingView.h in Headers */,
				C27992111D07D4C300991C12 /* YUNPieProgressView.h in Headers */,
				C2981F751D07B5CF00D8046A /* NSNumber+YUNToolsKitAdditions.h in Headers */,
				C2981F6C1D07A65100D8046A /* YUNWebView.h in Headers */,
				C2A6E1121CFD83E600A2B542 /* YUNBorderedView.h in Headers */,
				C292D63D1CF5395800F53B7F /* YUNTextField.h in Headers */,
			);
			runOnlyForDeploymentPostprocessing = 0;
		};
/* End PBXHeadersBuildPhase section */

/* Begin PBXNativeTarget section */
		C24E901D1CD341F800A09F52 /* YUNToolsKit */ = {
			isa = PBXNativeTarget;
			buildConfigurationList = C24E90321CD341F800A09F52 /* Build configuration list for PBXNativeTarget "YUNToolsKit" */;
			buildPhases = (
				C24E90191CD341F800A09F52 /* Sources */,
				C24E901A1CD341F800A09F52 /* Frameworks */,
				C24E901B1CD341F800A09F52 /* Headers */,
				C24E901C1CD341F800A09F52 /* Resources */,
			);
			buildRules = (
			);
			dependencies = (
			);
			name = YUNToolsKit;
			productName = YUNToolsKit;
			productReference = C24E901E1CD341F800A09F52 /* YUNToolsKit.framework */;
			productType = "com.apple.product-type.framework";
		};
		C24E90271CD341F800A09F52 /* YUNToolsKitTests */ = {
			isa = PBXNativeTarget;
			buildConfigurationList = C24E90351CD341F800A09F52 /* Build configuration list for PBXNativeTarget "YUNToolsKitTests" */;
			buildPhases = (
				C24E90241CD341F800A09F52 /* Sources */,
				C24E90251CD341F800A09F52 /* Frameworks */,
				C24E90261CD341F800A09F52 /* Resources */,
			);
			buildRules = (
			);
			dependencies = (
				C24E902B1CD341F800A09F52 /* PBXTargetDependency */,
			);
			name = YUNToolsKitTests;
			productName = YUNToolsKitTests;
			productReference = C24E90281CD341F800A09F52 /* YUNToolsKitTests.xctest */;
			productType = "com.apple.product-type.bundle.unit-test";
		};
/* End PBXNativeTarget section */

/* Begin PBXProject section */
		C24E90151CD341F800A09F52 /* Project object */ = {
			isa = PBXProject;
			attributes = {
				LastUpgradeCheck = 0720;
				ORGANIZATIONNAME = Tordian;
				TargetAttributes = {
					C242DB651D06DAF5007FCF52 = {
						CreatedOnToolsVersion = 7.2;
						DevelopmentTeam = VQ8XFTA7VP;
					};
					C24E901D1CD341F800A09F52 = {
						CreatedOnToolsVersion = 7.2;
					};
					C24E90271CD341F800A09F52 = {
						CreatedOnToolsVersion = 7.2;
					};
				};
			};
			buildConfigurationList = C24E90181CD341F800A09F52 /* Build configuration list for PBXProject "YUNToolsKit" */;
			compatibilityVersion = "Xcode 3.2";
			developmentRegion = English;
			hasScannedForEncodings = 0;
			knownRegions = (
				en,
			);
			mainGroup = C24E90141CD341F800A09F52;
			productRefGroup = C24E901F1CD341F800A09F52 /* Products */;
			projectDirPath = "";
			projectRoot = "";
			targets = (
				C24E901D1CD341F800A09F52 /* YUNToolsKit */,
				C24E90271CD341F800A09F52 /* YUNToolsKitTests */,
				C242DB651D06DAF5007FCF52 /* YUNToolsKit-Universal */,
			);
		};
/* End PBXProject section */

/* Begin PBXResourcesBuildPhase section */
		C24E901C1CD341F800A09F52 /* Resources */ = {
			isa = PBXResourcesBuildPhase;
			buildActionMask = 2147483647;
			files = (
				C29F582B1D48B1DB00F81750 /* YUNToolsKit.podspec in Resources */,
				C29F58291D48B1D100F81750 /* LICENSE in Resources */,
			);
			runOnlyForDeploymentPostprocessing = 0;
		};
		C24E90261CD341F800A09F52 /* Resources */ = {
			isa = PBXResourcesBuildPhase;
			buildActionMask = 2147483647;
			files = (
			);
			runOnlyForDeploymentPostprocessing = 0;
		};
/* End PBXResourcesBuildPhase section */

/* Begin PBXShellScriptBuildPhase section */
		C242DB691D06DB0C007FCF52 /* ShellScript */ = {
			isa = PBXShellScriptBuildPhase;
			buildActionMask = 2147483647;
			files = (
			);
			inputPaths = (
			);
			outputPaths = (
			);
			runOnlyForDeploymentPostprocessing = 0;
			shellPath = /bin/sh;
			shellScript = "# Sets the target folders and the final framework product.\n# 如果工程名称和Framework的Target名称不一样的话，要自定义FMKNAME\n# 例如: FMK_NAME = \"MyFramework\"\nFMK_NAME=${PROJECT_NAME}\n# Install dir will be the final output to the framework.\n# The following line create it in the root folder of the current project.\nINSTALL_DIR=${SRCROOT}/Products/${FMK_NAME}.framework\n# Working dir will be deleted after the framework creation.\nWRK_DIR=build\nDEVICE_DIR=${WRK_DIR}/Release-iphoneos/${FMK_NAME}.framework\nSIMULATOR_DIR=${WRK_DIR}/Release-iphonesimulator/${FMK_NAME}.framework\n# -configuration ${CONFIGURATION}\n# Clean and Building both architectures.\nxcodebuild -configuration \"Release\" -target \"${FMK_NAME}\" -sdk iphoneos clean build\nxcodebuild -configuration \"Release\" -target \"${FMK_NAME}\" -sdk iphonesimulator clean build\n# Cleaning the oldest.\nif [ -d \"${INSTALL_DIR}\" ]\nthen\nrm -rf \"${INSTALL_DIR}\"\nfi\nmkdir -p \"${INSTALL_DIR}\"\ncp -R \"${DEVICE_DIR}/\" \"${INSTALL_DIR}/\"\n# Uses the Lipo Tool to merge both binary files (i386 + armv6/armv7) into one Universal final product.\nlipo -create \"${DEVICE_DIR}/${FMK_NAME}\" \"${SIMULATOR_DIR}/${FMK_NAME}\" -output \"${INSTALL_DIR}/${FMK_NAME}\"\nrm -r \"${WRK_DIR}\"\nopen \"${INSTALL_DIR}\"";
		};
/* End PBXShellScriptBuildPhase section */

/* Begin PBXSourcesBuildPhase section */
		C24E90191CD341F800A09F52 /* Sources */ = {
			isa = PBXSourcesBuildPhase;
			buildActionMask = 2147483647;
			files = (
				C2A6E10D1CFD7B3A00A2B542 /* YUNDrawingUtilities.m in Sources */,
				C2BDC6181D0D1ECE0065C253 /* UIColor+YUNToolsKitAdditions.m in Sources */,
				C27992121D07D4C300991C12 /* YUNPieProgressView.m in Sources */,
				C2981F7A1D07B6BA00D8046A /* NSString+YUNToolsKitAdditions.m in Sources */,
				C2981F7E1D07BD1E00D8046A /* NSData+YUNToolsKitAdditions.m in Sources */,
				C292D63A1CF5381600F53B7F /* YUNButton.m in Sources */,
				C242DBBB1D06E3EC007FCF52 /* UIScrollView+YUNToolsKitAdditions.m in Sources */,
				C2981F761D07B5CF00D8046A /* NSNumber+YUNToolsKitAdditions.m in Sources */,
				C2A6E1131CFD83E600A2B542 /* YUNBorderedView.m in Sources */,
				C27992181D07F85000991C12 /* NSArray+YUNToolsKitAdditions.m in Sources */,
				C2A6E1081CFD6C8000A2B542 /* YUNBadgeView.m in Sources */,
				C2BDC6141D0D1BAD0065C253 /* UIControl+YUNToolsKitAdditions.m in Sources */,
				C23EBFD81D080989006032E5 /* NSDictionary+YUNToolsKitAdditions.m in Sources */,
				C2BDC6001D0CFBAD0065C253 /* UIViewController+YUNToolsKitAdditions.m in Sources */,
				C292D6421CF53AB100F53B7F /* YUNTextView.m in Sources */,
				C2BDC60C1D0D0E300065C253 /* UIImage+YUNToolsKitAdditions.m in Sources */,
				C2A6E1171CFD8A4600A2B542 /* YUNGradientView.m in Sources */,
				C20EA6071D0D46D6001663F3 /* NSBundle+YUNToolsKitAdditions.m in Sources */,
				C2BDC6081D0D069F0065C253 /* UIScreen+YUNToolsKitAdditions.m in Sources */,
				C24E903B1CD3425E00A09F52 /* YUNLabel.m in Sources */,
				C2981F721D07B1F100D8046A /* NSMutableArray+YUNToolsKitAdditions.m in Sources */,
				C2981F6D1D07A65100D8046A /* YUNWebView.m in Sources */,
				C292D63E1CF5395800F53B7F /* YUNTextField.m in Sources */,
				C2D2725C1CFE74D700366B37 /* YUNLoadingView.m in Sources */,
				C23EBFD41D080729006032E5 /* NSURL+YUNToolsKitAdditions.m in Sources */,
				C24E90401CD349AD00A09F52 /* YUNLineView.m in Sources */,
				C2BDC6041D0CFD090065C253 /* UIView+YUNToolsKitAdditions.m in Sources */,
				C23F9AC41D0D40AF00E36D73 /* UIApplication+YUNToolsKitAdditions.m in Sources */,
				C2BDC6101D0D16EF0065C253 /* UIDevice+YUNToolsKitAdditions.m in Sources */,
			);
			runOnlyForDeploymentPostprocessing = 0;
		};
		C24E90241CD341F800A09F52 /* Sources */ = {
			isa = PBXSourcesBuildPhase;
			buildActionMask = 2147483647;
			files = (
				C2F2070F1D0E984000FCC411 /* UIScreenAdditionsTests.m in Sources */,
				C24E902E1CD341F800A09F52 /* YUNToolsKitTests.m in Sources */,
				C2F207171D0E9C9C00FCC411 /* NSNumberAdditionsTest.m in Sources */,
				C2F207191D0EA79A00FCC411 /* NSStringAdditionsTests.m in Sources */,
				C2F2071B1D0EA8AC00FCC411 /* NSArrayAdditionsTests.m in Sources */,
				C2F207061D0E926700FCC411 /* NSMutableArrayAdditionsTests.m in Sources */,
			);
			runOnlyForDeploymentPostprocessing = 0;
		};
/* End PBXSourcesBuildPhase section */

/* Begin PBXTargetDependency section */
		C24E902B1CD341F800A09F52 /* PBXTargetDependency */ = {
			isa = PBXTargetDependency;
			target = C24E901D1CD341F800A09F52 /* YUNToolsKit */;
			targetProxy = C24E902A1CD341F800A09F52 /* PBXContainerItemProxy */;
		};
/* End PBXTargetDependency section */

/* Begin XCBuildConfiguration section */
		C242DB671D06DAF5007FCF52 /* Debug */ = {
			isa = XCBuildConfiguration;
			buildSettings = {
				PRODUCT_NAME = "$(TARGET_NAME)";
			};
			name = Debug;
		};
		C242DB681D06DAF5007FCF52 /* Release */ = {
			isa = XCBuildConfiguration;
			buildSettings = {
				PRODUCT_NAME = "$(TARGET_NAME)";
			};
			name = Release;
		};
		C24E90301CD341F800A09F52 /* Debug */ = {
			isa = XCBuildConfiguration;
			buildSettings = {
				ALWAYS_SEARCH_USER_PATHS = NO;
				CLANG_CXX_LANGUAGE_STANDARD = "gnu++0x";
				CLANG_CXX_LIBRARY = "libc++";
				CLANG_ENABLE_MODULES = YES;
				CLANG_ENABLE_OBJC_ARC = YES;
				CLANG_WARN_BOOL_CONVERSION = YES;
				CLANG_WARN_CONSTANT_CONVERSION = YES;
				CLANG_WARN_DIRECT_OBJC_ISA_USAGE = YES_ERROR;
				CLANG_WARN_EMPTY_BODY = YES;
				CLANG_WARN_ENUM_CONVERSION = YES;
				CLANG_WARN_INT_CONVERSION = YES;
				CLANG_WARN_OBJC_ROOT_CLASS = YES_ERROR;
				CLANG_WARN_UNREACHABLE_CODE = YES;
				CLANG_WARN__DUPLICATE_METHOD_MATCH = YES;
				"CODE_SIGN_IDENTITY[sdk=iphoneos*]" = "iPhone Developer";
				COPY_PHASE_STRIP = NO;
				CURRENT_PROJECT_VERSION = 1;
				DEBUG_INFORMATION_FORMAT = dwarf;
				ENABLE_STRICT_OBJC_MSGSEND = YES;
				ENABLE_TESTABILITY = YES;
				GCC_C_LANGUAGE_STANDARD = gnu99;
				GCC_DYNAMIC_NO_PIC = NO;
				GCC_NO_COMMON_BLOCKS = YES;
				GCC_OPTIMIZATION_LEVEL = 0;
				GCC_PREFIX_HEADER = "Other Sources/YUNToolsKit_Prefix.pch";
				GCC_PREPROCESSOR_DEFINITIONS = (
					"DEBUG=1",
					"$(inherited)",
				);
				GCC_WARN_64_TO_32_BIT_CONVERSION = YES;
				GCC_WARN_ABOUT_RETURN_TYPE = YES_ERROR;
				GCC_WARN_UNDECLARED_SELECTOR = YES;
				GCC_WARN_UNINITIALIZED_AUTOS = YES_AGGRESSIVE;
				GCC_WARN_UNUSED_FUNCTION = YES;
				GCC_WARN_UNUSED_VARIABLE = YES;
				IPHONEOS_DEPLOYMENT_TARGET = 8.0;
				MTL_ENABLE_DEBUG_INFO = YES;
				ONLY_ACTIVE_ARCH = YES;
				OTHER_LDFLAGS = (
					"-Objc",
					"-all_load",
				);
				SDKROOT = iphoneos;
				TARGETED_DEVICE_FAMILY = "1,2";
				VERSIONING_SYSTEM = "apple-generic";
				VERSION_INFO_PREFIX = "";
			};
			name = Debug;
		};
		C24E90311CD341F800A09F52 /* Release */ = {
			isa = XCBuildConfiguration;
			buildSettings = {
				ALWAYS_SEARCH_USER_PATHS = NO;
				CLANG_CXX_LANGUAGE_STANDARD = "gnu++0x";
				CLANG_CXX_LIBRARY = "libc++";
				CLANG_ENABLE_MODULES = YES;
				CLANG_ENABLE_OBJC_ARC = YES;
				CLANG_WARN_BOOL_CONVERSION = YES;
				CLANG_WARN_CONSTANT_CONVERSION = YES;
				CLANG_WARN_DIRECT_OBJC_ISA_USAGE = YES_ERROR;
				CLANG_WARN_EMPTY_BODY = YES;
				CLANG_WARN_ENUM_CONVERSION = YES;
				CLANG_WARN_INT_CONVERSION = YES;
				CLANG_WARN_OBJC_ROOT_CLASS = YES_ERROR;
				CLANG_WARN_UNREACHABLE_CODE = YES;
				CLANG_WARN__DUPLICATE_METHOD_MATCH = YES;
				"CODE_SIGN_IDENTITY[sdk=iphoneos*]" = "iPhone Developer";
				COPY_PHASE_STRIP = NO;
				CURRENT_PROJECT_VERSION = 1;
				DEBUG_INFORMATION_FORMAT = "dwarf-with-dsym";
				ENABLE_NS_ASSERTIONS = NO;
				ENABLE_STRICT_OBJC_MSGSEND = YES;
				GCC_C_LANGUAGE_STANDARD = gnu99;
				GCC_NO_COMMON_BLOCKS = YES;
				GCC_PREFIX_HEADER = "Other Sources/YUNToolsKit_Prefix.pch";
				GCC_WARN_64_TO_32_BIT_CONVERSION = YES;
				GCC_WARN_ABOUT_RETURN_TYPE = YES_ERROR;
				GCC_WARN_UNDECLARED_SELECTOR = YES;
				GCC_WARN_UNINITIALIZED_AUTOS = YES_AGGRESSIVE;
				GCC_WARN_UNUSED_FUNCTION = YES;
				GCC_WARN_UNUSED_VARIABLE = YES;
				IPHONEOS_DEPLOYMENT_TARGET = 8.0;
				MTL_ENABLE_DEBUG_INFO = NO;
				OTHER_LDFLAGS = (
					"-Objc",
					"-all_load",
				);
				SDKROOT = iphoneos;
				TARGETED_DEVICE_FAMILY = "1,2";
				VALIDATE_PRODUCT = YES;
				VERSIONING_SYSTEM = "apple-generic";
				VERSION_INFO_PREFIX = "";
			};
			name = Release;
		};
		C24E90331CD341F800A09F52 /* Debug */ = {
			isa = XCBuildConfiguration;
			buildSettings = {
				DEFINES_MODULE = YES;
				DYLIB_COMPATIBILITY_VERSION = 1;
				DYLIB_CURRENT_VERSION = 1;
				DYLIB_INSTALL_NAME_BASE = "@rpath";
				GCC_PREFIX_HEADER = /Volumes/DATA/YUNGit/ToolKit/YUNToolsKit/YUNToolsKit/YUNToolsKit_Prefix.pch;
				INFOPLIST_FILE = YUNToolsKit/Info.plist;
				INSTALL_PATH = "$(LOCAL_LIBRARY_DIR)/Frameworks";
				IPHONEOS_DEPLOYMENT_TARGET = 8.0;
				LD_RUNPATH_SEARCH_PATHS = "$(inherited) @executable_path/Frameworks @loader_path/Frameworks";
				MACH_O_TYPE = staticlib;
				OTHER_LDFLAGS = (
					"-Objc",
					"-all_load",
				);
				PRODUCT_BUNDLE_IDENTIFIER = com.tordian.YUNToolsKit;
				PRODUCT_NAME = "$(TARGET_NAME)";
				SKIP_INSTALL = YES;
			};
			name = Debug;
		};
		C24E90341CD341F800A09F52 /* Release */ = {
			isa = XCBuildConfiguration;
			buildSettings = {
				DEFINES_MODULE = YES;
				DYLIB_COMPATIBILITY_VERSION = 1;
				DYLIB_CURRENT_VERSION = 1;
				DYLIB_INSTALL_NAME_BASE = "@rpath";
				GCC_PREFIX_HEADER = /Volumes/DATA/YUNGit/ToolKit/YUNToolsKit/YUNToolsKit/YUNToolsKit_Prefix.pch;
				INFOPLIST_FILE = YUNToolsKit/Info.plist;
				INSTALL_PATH = "$(LOCAL_LIBRARY_DIR)/Frameworks";
				IPHONEOS_DEPLOYMENT_TARGET = 8.0;
				LD_RUNPATH_SEARCH_PATHS = "$(inherited) @executable_path/Frameworks @loader_path/Frameworks";
				MACH_O_TYPE = staticlib;
				OTHER_LDFLAGS = (
					"-Objc",
					"-all_load",
				);
				PRODUCT_BUNDLE_IDENTIFIER = com.tordian.YUNToolsKit;
				PRODUCT_NAME = "$(TARGET_NAME)";
				SKIP_INSTALL = YES;
			};
			name = Release;
		};
		C24E90361CD341F800A09F52 /* Debug */ = {
			isa = XCBuildConfiguration;
			buildSettings = {
				GCC_PREFIX_HEADER = /Volumes/DATA/YUNGit/ToolKit/YUNToolsKit/YUNToolsKit/YUNToolsKit_Prefix.pch;
				INFOPLIST_FILE = YUNToolsKitTests/Info.plist;
				LD_RUNPATH_SEARCH_PATHS = "$(inherited) @executable_path/Frameworks @loader_path/Frameworks";
				PRODUCT_BUNDLE_IDENTIFIER = com.tordian.YUNToolsKitTests;
				PRODUCT_NAME = "$(TARGET_NAME)";
			};
			name = Debug;
		};
		C24E90371CD341F800A09F52 /* Release */ = {
			isa = XCBuildConfiguration;
			buildSettings = {
				GCC_PREFIX_HEADER = /Volumes/DATA/YUNGit/ToolKit/YUNToolsKit/YUNToolsKit/YUNToolsKit_Prefix.pch;
				INFOPLIST_FILE = YUNToolsKitTests/Info.plist;
				LD_RUNPATH_SEARCH_PATHS = "$(inherited) @executable_path/Frameworks @loader_path/Frameworks";
				PRODUCT_BUNDLE_IDENTIFIER = com.tordian.YUNToolsKitTests;
				PRODUCT_NAME = "$(TARGET_NAME)";
			};
			name = Release;
		};
/* End XCBuildConfiguration section */

/* Begin XCConfigurationList section */
		C242DB661D06DAF5007FCF52 /* Build configuration list for PBXAggregateTarget "YUNToolsKit-Universal" */ = {
			isa = XCConfigurationList;
			buildConfigurations = (
				C242DB671D06DAF5007FCF52 /* Debug */,
				C242DB681D06DAF5007FCF52 /* Release */,
			);
			defaultConfigurationIsVisible = 0;
			defaultConfigurationName = Release;
		};
		C24E90181CD341F800A09F52 /* Build configuration list for PBXProject "YUNToolsKit" */ = {
			isa = XCConfigurationList;
			buildConfigurations = (
				C24E90301CD341F800A09F52 /* Debug */,
				C24E90311CD341F800A09F52 /* Release */,
			);
			defaultConfigurationIsVisible = 0;
			defaultConfigurationName = Release;
		};
		C24E90321CD341F800A09F52 /* Build configuration list for PBXNativeTarget "YUNToolsKit" */ = {
			isa = XCConfigurationList;
			buildConfigurations = (
				C24E90331CD341F800A09F52 /* Debug */,
				C24E90341CD341F800A09F52 /* Release */,
			);
			defaultConfigurationIsVisible = 0;
			defaultConfigurationName = Release;
		};
		C24E90351CD341F800A09F52 /* Build configuration list for PBXNativeTarget "YUNToolsKitTests" */ = {
			isa = XCConfigurationList;
			buildConfigurations = (
				C24E90361CD341F800A09F52 /* Debug */,
				C24E90371CD341F800A09F52 /* Release */,
			);
			defaultConfigurationIsVisible = 0;
			defaultConfigurationName = Release;
		};
/* End XCConfigurationList section */
	};
	rootObject = C24E90151CD341F800A09F52 /* Project object */;
}
